
Microsoft Visual Studio Solution File, Format Version 12.00
# Visual Studio Version 17
VisualStudioVersion = 17.8.34330.188
MinimumVisualStudioVersion = 10.0.40219.1
Project("{FAE04EC0-301F-11D3-BF4B-00C04F79EFBC}") = "CaseMapCoreInitExtension", "CaseMapCoreInitExtension.csproj", "{02E9EF55-3EF3-445A-9CB4-F9784CEB9252}"
EndProject
Global
	GlobalSection(SolutionConfigurationPlatforms) = preSolution
		Debug|Any CPU = Debug|Any CPU
		Debug|arm64 = Debug|arm64
		Debug|x86 = Debug|x86
		Release|Any CPU = Release|Any CPU
		Release|arm64 = Release|arm64
		Release|x86 = Release|x86
	EndGlobalSection
	GlobalSection(ProjectConfigurationPlatforms) = postSolution
		{02E9EF55-3EF3-445A-9CB4-F9784CEB9252}.Debug|Any CPU.ActiveCfg = Debug|Any CPU
		{02E9EF55-3EF3-445A-9CB4-F9784CEB9252}.Debug|Any CPU.Build.0 = Debug|Any CPU
		{02E9EF55-3EF3-445A-9CB4-F9784CEB9252}.Debug|arm64.ActiveCfg = Debug|arm64
		{02E9EF55-3EF3-445A-9CB4-F9784CEB9252}.Debug|arm64.Build.0 = Debug|arm64
		{02E9EF55-3EF3-445A-9CB4-F9784CEB9252}.Debug|x86.ActiveCfg = Debug|x86
		{02E9EF55-3EF3-445A-9CB4-F9784CEB9252}.Debug|x86.Build.0 = Debug|x86
		{02E9EF55-3EF3-445A-9CB4-F9784CEB9252}.Release|Any CPU.ActiveCfg = Release|Any CPU
		{02E9EF55-3EF3-445A-9CB4-F9784CEB9252}.Release|Any CPU.Build.0 = Release|Any CPU
		{02E9EF55-3EF3-445A-9CB4-F9784CEB9252}.Release|arm64.ActiveCfg = Release|arm64
		{02E9EF55-3EF3-445A-9CB4-F9784CEB9252}.Release|arm64.Build.0 = Release|arm64
		{02E9EF55-3EF3-445A-9CB4-F9784CEB9252}.Release|x86.ActiveCfg = Release|x86
		{02E9EF55-3EF3-445A-9CB4-F9784CEB9252}.Release|x86.Build.0 = Release|x86
	EndGlobalSection
	GlobalSection(SolutionProperties) = preSolution
		HideSolutionNode = FALSE
	EndGlobalSection
	GlobalSection(ExtensibilityGlobals) = postSolution
		SolutionGuid = {F13001C0-47D3-4F92-AD15-E12AFE8E7BD1}
	EndGlobalSection
EndGlobal
